
Microsoft Visual Studio Solution File, Format Version 12.00
# Visual Studio Version 16
VisualStudioVersion = 16.0.31729.503
MinimumVisualStudioVersion = 10.0.40219.1
Project("{FAE04EC0-301F-11D3-BF4B-00C04F79EFBC}") = "Lab10", "Lab10\Lab10.csproj", "{9FE18155-8778-4A05-9180-DF0DFD11FA3F}"
EndProject
Global
	GlobalSection(SolutionConfigurationPlatforms) = preSolution
		Debug|Any CPU = Debug|Any CPU
		Release|Any CPU = Release|Any CPU
	EndGlobalSection
	GlobalSection(ProjectConfigurationPlatforms) = postSolution
		{9FE18155-8778-4A05-9180-DF0DFD11FA3F}.Debug|Any CPU.ActiveCfg = Debug|Any CPU
		{9FE18155-8778-4A05-9180-DF0DFD11FA3F}.Debug|Any CPU.Build.0 = Debug|Any CPU
		{9FE18155-8778-4A05-9180-DF0DFD11FA3F}.Release|Any CPU.ActiveCfg = Release|Any CPU
		{9FE18155-8778-4A05-9180-DF0DFD11FA3F}.Release|Any CPU.Build.0 = Release|Any CPU
	EndGlobalSection
	GlobalSection(SolutionProperties) = preSolution
		HideSolutionNode = FALSE
	EndGlobalSection
	GlobalSection(ExtensibilityGlobals) = postSolution
		SolutionGuid = {7A28B4E2-4EF1-4A44-BBBF-1A17CFD8B2F3}
	EndGlobalSection
EndGlobal
